
Microsoft Visual Studio Solution File, Format Version 12.00
# Visual Studio Version 17
VisualStudioVersion = 17.10.34607.79
MinimumVisualStudioVersion = 10.0.40219.1
Project("{FAE04EC0-301F-11D3-BF4B-00C04F79EFBC}") = "MvcCv", "MvcCv.csproj", "{0A1718CF-E593-4DA6-8D62-76BD0DACE617}"
EndProject
Global
	GlobalSection(SolutionConfigurationPlatforms) = preSolution
		Debug|Any CPU = Debug|Any CPU
		Release|Any CPU = Release|Any CPU
	EndGlobalSection
	GlobalSection(ProjectConfigurationPlatforms) = postSolution
		{0A1718CF-E593-4DA6-8D62-76BD0DACE617}.Debug|Any CPU.ActiveCfg = Debug|Any CPU
		{0A1718CF-E593-4DA6-8D62-76BD0DACE617}.Debug|Any CPU.Build.0 = Debug|Any CPU
		{0A1718CF-E593-4DA6-8D62-76BD0DACE617}.Release|Any CPU.ActiveCfg = Release|Any CPU
		{0A1718CF-E593-4DA6-8D62-76BD0DACE617}.Release|Any CPU.Build.0 = Release|Any CPU
	EndGlobalSection
	GlobalSection(SolutionProperties) = preSolution
		HideSolutionNode = FALSE
	EndGlobalSection
	GlobalSection(ExtensibilityGlobals) = postSolution
		SolutionGuid = {B88C6EF4-3299-4C82-B9B6-CC49FFC78A6B}
	EndGlobalSection
EndGlobal
